
Microsoft Visual Studio Solution File, Format Version 12.00
# Visual Studio Version 16
VisualStudioVersion = 16.0.29609.76
MinimumVisualStudioVersion = 10.0.40219.1
Project("{FAE04EC0-301F-11D3-BF4B-00C04F79EFBC}") = "HomeworkLesson3", "HomeworkLesson3\HomeworkLesson3.csproj", "{6062E36D-830E-40D7-94CD-B29014334921}"
EndProject
Project("{2150E333-8FDC-42A3-9474-1A3956D46DE8}") = "Solution Items", "Solution Items", "{B416E6E4-CD82-4602-8A03-BDB847AE017D}"
	ProjectSection(SolutionItems) = preProject
		.editorconfig = .editorconfig
	EndProjectSection
EndProject
Global
	GlobalSection(SolutionConfigurationPlatforms) = preSolution
		Debug|Any CPU = Debug|Any CPU
		Release|Any CPU = Release|Any CPU
	EndGlobalSection
	GlobalSection(ProjectConfigurationPlatforms) = postSolution
		{6062E36D-830E-40D7-94CD-B29014334921}.Debug|Any CPU.ActiveCfg = Debug|Any CPU
		{6062E36D-830E-40D7-94CD-B29014334921}.Debug|Any CPU.Build.0 = Debug|Any CPU
		{6062E36D-830E-40D7-94CD-B29014334921}.Release|Any CPU.ActiveCfg = Release|Any CPU
		{6062E36D-830E-40D7-94CD-B29014334921}.Release|Any CPU.Build.0 = Release|Any CPU
	EndGlobalSection
	GlobalSection(SolutionProperties) = preSolution
		HideSolutionNode = FALSE
	EndGlobalSection
	GlobalSection(ExtensibilityGlobals) = postSolution
		SolutionGuid = {BFA8D3B2-862E-4526-9B9D-520309D227FC}
	EndGlobalSection
EndGlobal
